
Microsoft Visual Studio Solution File, Format Version 12.00
# Visual Studio Version 17
VisualStudioVersion = 17.6.33723.286
MinimumVisualStudioVersion = 10.0.40219.1
Project("{FAE04EC0-301F-11D3-BF4B-00C04F79EFBC}") = "Lab2Again", "Lab2Again.csproj", "{A2A23655-7335-426E-8EE4-BB27E06870BE}"
EndProject
Project("{FAE04EC0-301F-11D3-BF4B-00C04F79EFBC}") = "Lab2Client", "..\Lab2Client\Lab2Client.csproj", "{193BFCC7-5F57-45CB-9BCB-BC90772086C6}"
EndProject
Project("{FAE04EC0-301F-11D3-BF4B-00C04F79EFBC}") = "Lab2Server", "..\Lab2Server\Lab2Server.csproj", "{1248DCB5-156E-4D1B-8BCA-C69EA5802312}"
EndProject
Global
	GlobalSection(SolutionConfigurationPlatforms) = preSolution
		Debug|Any CPU = Debug|Any CPU
		Release|Any CPU = Release|Any CPU
	EndGlobalSection
	GlobalSection(ProjectConfigurationPlatforms) = postSolution
		{A2A23655-7335-426E-8EE4-BB27E06870BE}.Debug|Any CPU.ActiveCfg = Debug|Any CPU
		{A2A23655-7335-426E-8EE4-BB27E06870BE}.Debug|Any CPU.Build.0 = Debug|Any CPU
		{A2A23655-7335-426E-8EE4-BB27E06870BE}.Release|Any CPU.ActiveCfg = Release|Any CPU
		{A2A23655-7335-426E-8EE4-BB27E06870BE}.Release|Any CPU.Build.0 = Release|Any CPU
		{193BFCC7-5F57-45CB-9BCB-BC90772086C6}.Debug|Any CPU.ActiveCfg = Debug|Any CPU
		{193BFCC7-5F57-45CB-9BCB-BC90772086C6}.Debug|Any CPU.Build.0 = Debug|Any CPU
		{193BFCC7-5F57-45CB-9BCB-BC90772086C6}.Release|Any CPU.ActiveCfg = Release|Any CPU
		{193BFCC7-5F57-45CB-9BCB-BC90772086C6}.Release|Any CPU.Build.0 = Release|Any CPU
		{1248DCB5-156E-4D1B-8BCA-C69EA5802312}.Debug|Any CPU.ActiveCfg = Debug|Any CPU
		{1248DCB5-156E-4D1B-8BCA-C69EA5802312}.Debug|Any CPU.Build.0 = Debug|Any CPU
		{1248DCB5-156E-4D1B-8BCA-C69EA5802312}.Release|Any CPU.ActiveCfg = Release|Any CPU
		{1248DCB5-156E-4D1B-8BCA-C69EA5802312}.Release|Any CPU.Build.0 = Release|Any CPU
	EndGlobalSection
	GlobalSection(SolutionProperties) = preSolution
		HideSolutionNode = FALSE
	EndGlobalSection
	GlobalSection(ExtensibilityGlobals) = postSolution
		SolutionGuid = {211CEB2D-74FA-479B-A9C4-53D43FCB1CB9}
	EndGlobalSection
EndGlobal
